// !$*UTF8*$!
{
	archiveVersion = 1;
	classes = {
	};
	objectVersion = 52;
	objects = {

/* Begin PBXBuildFile section */
		94C4A5BF2647DAF1005C026F /* MNGlobalExtiontions.swift in Sources */ = {isa = PBXBuildFile; fileRef = 94C4A5BE2647DAF1005C026F /* MNGlobalExtiontions.swift */; };
		94C4A5C12647E323005C026F /* MNDeepLinkManeger.swift in Sources */ = {isa = PBXBuildFile; fileRef = 94C4A5C02647E323005C026F /* MNDeepLinkManeger.swift */; };
		94FA47CB263CB19A0090F861 /* MacNewsApp.swift in Sources */ = {isa = PBXBuildFile; fileRef = 94FA47CA263CB19A0090F861 /* MacNewsApp.swift */; };
		94FA47CF263CB19B0090F861 /* Assets.xcassets in Resources */ = {isa = PBXBuildFile; fileRef = 94FA47CE263CB19B0090F861 /* Assets.xcassets */; };
		94FA47D2263CB19B0090F861 /* Preview Assets.xcassets in Resources */ = {isa = PBXBuildFile; fileRef = 94FA47D1263CB19B0090F861 /* Preview Assets.xcassets */; };
		94FA47DD263CB19B0090F861 /* MacNewsTests.swift in Sources */ = {isa = PBXBuildFile; fileRef = 94FA47DC263CB19B0090F861 /* MacNewsTests.swift */; };
		94FA47E8263CB19B0090F861 /* MacNewsUITests.swift in Sources */ = {isa = PBXBuildFile; fileRef = 94FA47E7263CB19B0090F861 /* MacNewsUITests.swift */; };
		94FA47F8263CB5D30090F861 /* Colors.xcassets in Resources */ = {isa = PBXBuildFile; fileRef = 94FA47F7263CB5D30090F861 /* Colors.xcassets */; };
		94FA47FA263E6BB50090F861 /* MNArticlesSwiftUIView.swift in Sources */ = {isa = PBXBuildFile; fileRef = 94FA47F9263E6BB50090F861 /* MNArticlesSwiftUIView.swift */; };
		94FA47FC263E6C540090F861 /* MNArticleResponse.swift in Sources */ = {isa = PBXBuildFile; fileRef = 94FA47FB263E6C540090F861 /* MNArticleResponse.swift */; };
		94FA4803263EA0AE0090F861 /* MNArticleViewModel.swift in Sources */ = {isa = PBXBuildFile; fileRef = 94FA4802263EA0AE0090F861 /* MNArticleViewModel.swift */; };
		94FA4807264091F20090F861 /* MNMacNewsAPI.swift in Sources */ = {isa = PBXBuildFile; fileRef = 94FA4806264091F20090F861 /* MNMacNewsAPI.swift */; };
		94FA480926415C710090F861 /* MNOnboardingViewSwiftUIView.swift in Sources */ = {isa = PBXBuildFile; fileRef = 94FA480826415C700090F861 /* MNOnboardingViewSwiftUIView.swift */; };
		94FA480E26433D9A0090F861 /* SDWebImageSwiftUI in Frameworks */ = {isa = PBXBuildFile; productRef = 94FA480D26433D9A0090F861 /* SDWebImageSwiftUI */; };
		94FA481026435E510090F861 /* MNArticleDetailsSwiftUIView.swift in Sources */ = {isa = PBXBuildFile; fileRef = 94FA480F26435E510090F861 /* MNArticleDetailsSwiftUIView.swift */; };
		94FA481226435E890090F861 /* MNArticleDetailsViewModel.swift in Sources */ = {isa = PBXBuildFile; fileRef = 94FA481126435E890090F861 /* MNArticleDetailsViewModel.swift */; };
		94FA48152643E5740090F861 /* MNArticleHTMLContentView.swift in Sources */ = {isa = PBXBuildFile; fileRef = 94FA48142643E5740090F861 /* MNArticleHTMLContentView.swift */; };
/* End PBXBuildFile section */

/* Begin PBXContainerItemProxy section */
		94FA47D9263CB19B0090F861 /* PBXContainerItemProxy */ = {
			isa = PBXContainerItemProxy;
			containerPortal = 94FA47BF263CB19A0090F861 /* Project object */;
			proxyType = 1;
			remoteGlobalIDString = 94FA47C6263CB19A0090F861;
			remoteInfo = MacNews;
		};
		94FA47E4263CB19B0090F861 /* PBXContainerItemProxy */ = {
			isa = PBXContainerItemProxy;
			containerPortal = 94FA47BF263CB19A0090F861 /* Project object */;
			proxyType = 1;
			remoteGlobalIDString = 94FA47C6263CB19A0090F861;
			remoteInfo = MacNews;
		};
/* End PBXContainerItemProxy section */

/* Begin PBXFileReference section */
		94C4A5BE2647DAF1005C026F /* MNGlobalExtiontions.swift */ = {isa = PBXFileReference; lastKnownFileType = sourcecode.swift; path = MNGlobalExtiontions.swift; sourceTree = "<group>"; };
		94C4A5C02647E323005C026F /* MNDeepLinkManeger.swift */ = {isa = PBXFileReference; lastKnownFileType = sourcecode.swift; path = MNDeepLinkManeger.swift; sourceTree = "<group>"; };
		94FA47C7263CB19A0090F861 /* MacNews.app */ = {isa = PBXFileReference; explicitFileType = wrapper.application; includeInIndex = 0; path = MacNews.app; sourceTree = BUILT_PRODUCTS_DIR; };
		94FA47CA263CB19A0090F861 /* MacNewsApp.swift */ = {isa = PBXFileReference; lastKnownFileType = sourcecode.swift; path = MacNewsApp.swift; sourceTree = "<group>"; };
		94FA47CE263CB19B0090F861 /* Assets.xcassets */ = {isa = PBXFileReference; lastKnownFileType = folder.assetcatalog; path = Assets.xcassets; sourceTree = "<group>"; };
		94FA47D1263CB19B0090F861 /* Preview Assets.xcassets */ = {isa = PBXFileReference; lastKnownFileType = folder.assetcatalog; path = "Preview Assets.xcassets"; sourceTree = "<group>"; };
		94FA47D3263CB19B0090F861 /* Info.plist */ = {isa = PBXFileReference; lastKnownFileType = text.plist.xml; path = Info.plist; sourceTree = "<group>"; };
		94FA47D8263CB19B0090F861 /* MacNewsTests.xctest */ = {isa = PBXFileReference; explicitFileType = wrapper.cfbundle; includeInIndex = 0; path = MacNewsTests.xctest; sourceTree = BUILT_PRODUCTS_DIR; };
		94FA47DC263CB19B0090F861 /* MacNewsTests.swift */ = {isa = PBXFileReference; lastKnownFileType = sourcecode.swift; path = MacNewsTests.swift; sourceTree = "<group>"; };
		94FA47DE263CB19B0090F861 /* Info.plist */ = {isa = PBXFileReference; lastKnownFileType = text.plist.xml; path = Info.plist; sourceTree = "<group>"; };
		94FA47E3263CB19B0090F861 /* MacNewsUITests.xctest */ = {isa = PBXFileReference; explicitFileType = wrapper.cfbundle; includeInIndex = 0; path = MacNewsUITests.xctest; sourceTree = BUILT_PRODUCTS_DIR; };
		94FA47E7263CB19B0090F861 /* MacNewsUITests.swift */ = {isa = PBXFileReference; lastKnownFileType = sourcecode.swift; path = MacNewsUITests.swift; sourceTree = "<group>"; };
		94FA47E9263CB19B0090F861 /* Info.plist */ = {isa = PBXFileReference; lastKnownFileType = text.plist.xml; path = Info.plist; sourceTree = "<group>"; };
		94FA47F7263CB5D30090F861 /* Colors.xcassets */ = {isa = PBXFileReference; lastKnownFileType = folder.assetcatalog; path = Colors.xcassets; sourceTree = "<group>"; };
		94FA47F9263E6BB50090F861 /* MNArticlesSwiftUIView.swift */ = {isa = PBXFileReference; lastKnownFileType = sourcecode.swift; path = MNArticlesSwiftUIView.swift; sourceTree = "<group>"; };
		94FA47FB263E6C540090F861 /* MNArticleResponse.swift */ = {isa = PBXFileReference; lastKnownFileType = sourcecode.swift; path = MNArticleResponse.swift; sourceTree = "<group>"; };
		94FA4802263EA0AE0090F861 /* MNArticleViewModel.swift */ = {isa = PBXFileReference; lastKnownFileType = sourcecode.swift; path = MNArticleViewModel.swift; sourceTree = "<group>"; };
		94FA4806264091F20090F861 /* MNMacNewsAPI.swift */ = {isa = PBXFileReference; lastKnownFileType = sourcecode.swift; path = MNMacNewsAPI.swift; sourceTree = "<group>"; };
		94FA480826415C700090F861 /* MNOnboardingViewSwiftUIView.swift */ = {isa = PBXFileReference; fileEncoding = 4; lastKnownFileType = sourcecode.swift; path = MNOnboardingViewSwiftUIView.swift; sourceTree = "<group>"; };
		94FA480F26435E510090F861 /* MNArticleDetailsSwiftUIView.swift */ = {isa = PBXFileReference; lastKnownFileType = sourcecode.swift; path = MNArticleDetailsSwiftUIView.swift; sourceTree = "<group>"; };
		94FA481126435E890090F861 /* MNArticleDetailsViewModel.swift */ = {isa = PBXFileReference; lastKnownFileType = sourcecode.swift; path = MNArticleDetailsViewModel.swift; sourceTree = "<group>"; };
		94FA48142643E5740090F861 /* MNArticleHTMLContentView.swift */ = {isa = PBXFileReference; lastKnownFileType = sourcecode.swift; path = MNArticleHTMLContentView.swift; sourceTree = "<group>"; };
/* End PBXFileReference section */

/* Begin PBXFrameworksBuildPhase section */
		94FA47C4263CB19A0090F861 /* Frameworks */ = {
			isa = PBXFrameworksBuildPhase;
			buildActionMask = 2147483647;
			files = (
				94FA480E26433D9A0090F861 /* SDWebImageSwiftUI in Frameworks */,
			);
			runOnlyForDeploymentPostprocessing = 0;
		};
		94FA47D5263CB19B0090F861 /* Frameworks */ = {
			isa = PBXFrameworksBuildPhase;
			buildActionMask = 2147483647;
			files = (
			);
			runOnlyForDeploymentPostprocessing = 0;
		};
		94FA47E0263CB19B0090F861 /* Frameworks */ = {
			isa = PBXFrameworksBuildPhase;
			buildActionMask = 2147483647;
			files = (
			);
			runOnlyForDeploymentPostprocessing = 0;
		};
/* End PBXFrameworksBuildPhase section */

/* Begin PBXGroup section */
		94FA47BE263CB19A0090F861 = {
			isa = PBXGroup;
			children = (
				94FA47C9263CB19A0090F861 /* MacNews */,
				94FA47DB263CB19B0090F861 /* MacNewsTests */,
				94FA47E6263CB19B0090F861 /* MacNewsUITests */,
				94FA47C8263CB19A0090F861 /* Products */,
			);
			sourceTree = "<group>";
		};
		94FA47C8263CB19A0090F861 /* Products */ = {
			isa = PBXGroup;
			children = (
				94FA47C7263CB19A0090F861 /* MacNews.app */,
				94FA47D8263CB19B0090F861 /* MacNewsTests.xctest */,
				94FA47E3263CB19B0090F861 /* MacNewsUITests.xctest */,
			);
			name = Products;
			sourceTree = "<group>";
		};
		94FA47C9263CB19A0090F861 /* MacNews */ = {
			isa = PBXGroup;
			children = (
				94FA47CA263CB19A0090F861 /* MacNewsApp.swift */,
				94FA480826415C700090F861 /* MNOnboardingViewSwiftUIView.swift */,
				94FA480A264160010090F861 /* ArticleListView */,
				94FA481326435E8F0090F861 /* MNArticleDetailView */,
				94FA480B264160810090F861 /* Data Models */,
				94FA47CE263CB19B0090F861 /* Assets.xcassets */,
				94FA47D3263CB19B0090F861 /* Info.plist */,
				94FA47D0263CB19B0090F861 /* Preview Content */,
				94FA47F7263CB5D30090F861 /* Colors.xcassets */,
				94FA4806264091F20090F861 /* MNMacNewsAPI.swift */,
				94C4A5BE2647DAF1005C026F /* MNGlobalExtiontions.swift */,
				94C4A5C02647E323005C026F /* MNDeepLinkManeger.swift */,
			);
			path = MacNews;
			sourceTree = "<group>";
		};
		94FA47D0263CB19B0090F861 /* Preview Content */ = {
			isa = PBXGroup;
			children = (
				94FA47D1263CB19B0090F861 /* Preview Assets.xcassets */,
			);
			path = "Preview Content";
			sourceTree = "<group>";
		};
		94FA47DB263CB19B0090F861 /* MacNewsTests */ = {
			isa = PBXGroup;
			children = (
				94FA47DC263CB19B0090F861 /* MacNewsTests.swift */,
				94FA47DE263CB19B0090F861 /* Info.plist */,
			);
			path = MacNewsTests;
			sourceTree = "<group>";
		};
		94FA47E6263CB19B0090F861 /* MacNewsUITests */ = {
			isa = PBXGroup;
			children = (
				94FA47E7263CB19B0090F861 /* MacNewsUITests.swift */,
				94FA47E9263CB19B0090F861 /* Info.plist */,
			);
			path = MacNewsUITests;
			sourceTree = "<group>";
		};
		94FA480A264160010090F861 /* ArticleListView */ = {
			isa = PBXGroup;
			children = (
				94FA47F9263E6BB50090F861 /* MNArticlesSwiftUIView.swift */,
				94FA4802263EA0AE0090F861 /* MNArticleViewModel.swift */,
			);
			path = ArticleListView;
			sourceTree = "<group>";
		};
		94FA480B264160810090F861 /* Data Models */ = {
			isa = PBXGroup;
			children = (
				94FA47FB263E6C540090F861 /* MNArticleResponse.swift */,
			);
			path = "Data Models";
			sourceTree = "<group>";
		};
		94FA481326435E8F0090F861 /* MNArticleDetailView */ = {
			isa = PBXGroup;
			children = (
				94FA480F26435E510090F861 /* MNArticleDetailsSwiftUIView.swift */,
				94FA481126435E890090F861 /* MNArticleDetailsViewModel.swift */,
				94FA48142643E5740090F861 /* MNArticleHTMLContentView.swift */,
			);
			path = MNArticleDetailView;
			sourceTree = "<group>";
		};
/* End PBXGroup section */

/* Begin PBXNativeTarget section */
		94FA47C6263CB19A0090F861 /* MacNews */ = {
			isa = PBXNativeTarget;
			buildConfigurationList = 94FA47EC263CB19B0090F861 /* Build configuration list for PBXNativeTarget "MacNews" */;
			buildPhases = (
				94FA47C3263CB19A0090F861 /* Sources */,
				94FA47C4263CB19A0090F861 /* Frameworks */,
				94FA47C5263CB19A0090F861 /* Resources */,
			);
			buildRules = (
			);
			dependencies = (
			);
			name = MacNews;
			packageProductDependencies = (
				94FA480D26433D9A0090F861 /* SDWebImageSwiftUI */,
			);
			productName = MacNews;
			productReference = 94FA47C7263CB19A0090F861 /* MacNews.app */;
			productType = "com.apple.product-type.application";
		};
		94FA47D7263CB19B0090F861 /* MacNewsTests */ = {
			isa = PBXNativeTarget;
			buildConfigurationList = 94FA47EF263CB19B0090F861 /* Build configuration list for PBXNativeTarget "MacNewsTests" */;
			buildPhases = (
				94FA47D4263CB19B0090F861 /* Sources */,
				94FA47D5263CB19B0090F861 /* Frameworks */,
				94FA47D6263CB19B0090F861 /* Resources */,
			);
			buildRules = (
			);
			dependencies = (
				94FA47DA263CB19B0090F861 /* PBXTargetDependency */,
			);
			name = MacNewsTests;
			productName = MacNewsTests;
			productReference = 94FA47D8263CB19B0090F861 /* MacNewsTests.xctest */;
			productType = "com.apple.product-type.bundle.unit-test";
		};
		94FA47E2263CB19B0090F861 /* MacNewsUITests */ = {
			isa = PBXNativeTarget;
			buildConfigurationList = 94FA47F2263CB19B0090F861 /* Build configuration list for PBXNativeTarget "MacNewsUITests" */;
			buildPhases = (
				94FA47DF263CB19B0090F861 /* Sources */,
				94FA47E0263CB19B0090F861 /* Frameworks */,
				94FA47E1263CB19B0090F861 /* Resources */,
			);
			buildRules = (
			);
			dependencies = (
				94FA47E5263CB19B0090F861 /* PBXTargetDependency */,
			);
			name = MacNewsUITests;
			productName = MacNewsUITests;
			productReference = 94FA47E3263CB19B0090F861 /* MacNewsUITests.xctest */;
			productType = "com.apple.product-type.bundle.ui-testing";
		};
/* End PBXNativeTarget section */

/* Begin PBXProject section */
		94FA47BF263CB19A0090F861 /* Project object */ = {
			isa = PBXProject;
			attributes = {
				LastSwiftUpdateCheck = 1250;
				LastUpgradeCheck = 1250;
				TargetAttributes = {
					94FA47C6263CB19A0090F861 = {
						CreatedOnToolsVersion = 12.5;
					};
					94FA47D7263CB19B0090F861 = {
						CreatedOnToolsVersion = 12.5;
						TestTargetID = 94FA47C6263CB19A0090F861;
					};
					94FA47E2263CB19B0090F861 = {
						CreatedOnToolsVersion = 12.5;
						TestTargetID = 94FA47C6263CB19A0090F861;
					};
				};
			};
			buildConfigurationList = 94FA47C2263CB19A0090F861 /* Build configuration list for PBXProject "MacNews" */;
			compatibilityVersion = "Xcode 9.3";
			developmentRegion = en;
			hasScannedForEncodings = 0;
			knownRegions = (
				en,
				Base,
			);
			mainGroup = 94FA47BE263CB19A0090F861;
			packageReferences = (
				94FA480C26433D9A0090F861 /* XCRemoteSwiftPackageReference "SDWebImageSwiftUI" */,
			);
			productRefGroup = 94FA47C8263CB19A0090F861 /* Products */;
			projectDirPath = "";
			projectRoot = "";
			targets = (
				94FA47C6263CB19A0090F861 /* MacNews */,
				94FA47D7263CB19B0090F861 /* MacNewsTests */,
				94FA47E2263CB19B0090F861 /* MacNewsUITests */,
			);
		};
/* End PBXProject section */

/* Begin PBXResourcesBuildPhase section */
		94FA47C5263CB19A0090F861 /* Resources */ = {
			isa = PBXResourcesBuildPhase;
			buildActionMask = 2147483647;
			files = (
				94FA47F8263CB5D30090F861 /* Colors.xcassets in Resources */,
				94FA47D2263CB19B0090F861 /* Preview Assets.xcassets in Resources */,
				94FA47CF263CB19B0090F861 /* Assets.xcassets in Resources */,
			);
			runOnlyForDeploymentPostprocessing = 0;
		};
		94FA47D6263CB19B0090F861 /* Resources */ = {
			isa = PBXResourcesBuildPhase;
			buildActionMask = 2147483647;
			files = (
			);
			runOnlyForDeploymentPostprocessing = 0;
		};
		94FA47E1263CB19B0090F861 /* Resources */ = {
			isa = PBXResourcesBuildPhase;
			buildActionMask = 2147483647;
			files = (
			);
			runOnlyForDeploymentPostprocessing = 0;
		};
/* End PBXResourcesBuildPhase section */

/* Begin PBXSourcesBuildPhase section */
		94FA47C3263CB19A0090F861 /* Sources */ = {
			isa = PBXSourcesBuildPhase;
			buildActionMask = 2147483647;
			files = (
				94FA47FA263E6BB50090F861 /* MNArticlesSwiftUIView.swift in Sources */,
				94FA48152643E5740090F861 /* MNArticleHTMLContentView.swift in Sources */,
				94FA480926415C710090F861 /* MNOnboardingViewSwiftUIView.swift in Sources */,
				94FA4803263EA0AE0090F861 /* MNArticleViewModel.swift in Sources */,
				94FA47CB263CB19A0090F861 /* MacNewsApp.swift in Sources */,
				94FA481026435E510090F861 /* MNArticleDetailsSwiftUIView.swift in Sources */,
				94C4A5BF2647DAF1005C026F /* MNGlobalExtiontions.swift in Sources */,
				94C4A5C12647E323005C026F /* MNDeepLinkManeger.swift in Sources */,
				94FA47FC263E6C540090F861 /* MNArticleResponse.swift in Sources */,
				94FA4807264091F20090F861 /* MNMacNewsAPI.swift in Sources */,
				94FA481226435E890090F861 /* MNArticleDetailsViewModel.swift in Sources */,
			);
			runOnlyForDeploymentPostprocessing = 0;
		};
		94FA47D4263CB19B0090F861 /* Sources */ = {
			isa = PBXSourcesBuildPhase;
			buildActionMask = 2147483647;
			files = (
				94FA47DD263CB19B0090F861 /* MacNewsTests.swift in Sources */,
			);
			runOnlyForDeploymentPostprocessing = 0;
		};
		94FA47DF263CB19B0090F861 /* Sources */ = {
			isa = PBXSourcesBuildPhase;
			buildActionMask = 2147483647;
			files = (
				94FA47E8263CB19B0090F861 /* MacNewsUITests.swift in Sources */,
			);
			runOnlyForDeploymentPostprocessing = 0;
		};
/* End PBXSourcesBuildPhase section */

/* Begin PBXTargetDependency section */
		94FA47DA263CB19B0090F861 /* PBXTargetDependency */ = {
			isa = PBXTargetDependency;
			target = 94FA47C6263CB19A0090F861 /* MacNews */;
			targetProxy = 94FA47D9263CB19B0090F861 /* PBXContainerItemProxy */;
		};
		94FA47E5263CB19B0090F861 /* PBXTargetDependency */ = {
			isa = PBXTargetDependency;
			target = 94FA47C6263CB19A0090F861 /* MacNews */;
			targetProxy = 94FA47E4263CB19B0090F861 /* PBXContainerItemProxy */;
		};
/* End PBXTargetDependency section */

/* Begin XCBuildConfiguration section */
		94FA47EA263CB19B0090F861 /* Debug */ = {
			isa = XCBuildConfiguration;
			buildSettings = {
				ALWAYS_SEARCH_USER_PATHS = NO;
				CLANG_ANALYZER_NONNULL = YES;
				CLANG_ANALYZER_NUMBER_OBJECT_CONVERSION = YES_AGGRESSIVE;
				CLANG_CXX_LANGUAGE_STANDARD = "gnu++14";
				CLANG_CXX_LIBRARY = "libc++";
				CLANG_ENABLE_MODULES = YES;
				CLANG_ENABLE_OBJC_ARC = YES;
				CLANG_ENABLE_OBJC_WEAK = YES;
				CLANG_WARN_BLOCK_CAPTURE_AUTORELEASING = YES;
				CLANG_WARN_BOOL_CONVERSION = YES;
				CLANG_WARN_COMMA = YES;
				CLANG_WARN_CONSTANT_CONVERSION = YES;
				CLANG_WARN_DEPRECATED_OBJC_IMPLEMENTATIONS = YES;
				CLANG_WARN_DIRECT_OBJC_ISA_USAGE = YES_ERROR;
				CLANG_WARN_DOCUMENTATION_COMMENTS = YES;
				CLANG_WARN_EMPTY_BODY = YES;
				CLANG_WARN_ENUM_CONVERSION = YES;
				CLANG_WARN_INFINITE_RECURSION = YES;
				CLANG_WARN_INT_CONVERSION = YES;
				CLANG_WARN_NON_LITERAL_NULL_CONVERSION = YES;
				CLANG_WARN_OBJC_IMPLICIT_RETAIN_SELF = YES;
				CLANG_WARN_OBJC_LITERAL_CONVERSION = YES;
				CLANG_WARN_OBJC_ROOT_CLASS = YES_ERROR;
				CLANG_WARN_QUOTED_INCLUDE_IN_FRAMEWORK_HEADER = YES;
				CLANG_WARN_RANGE_LOOP_ANALYSIS = YES;
				CLANG_WARN_STRICT_PROTOTYPES = YES;
				CLANG_WARN_SUSPICIOUS_MOVE = YES;
				CLANG_WARN_UNGUARDED_AVAILABILITY = YES_AGGRESSIVE;
				CLANG_WARN_UNREACHABLE_CODE = YES;
				CLANG_WARN__DUPLICATE_METHOD_MATCH = YES;
				COPY_PHASE_STRIP = NO;
				DEBUG_INFORMATION_FORMAT = dwarf;
				ENABLE_STRICT_OBJC_MSGSEND = YES;
				ENABLE_TESTABILITY = YES;
				GCC_C_LANGUAGE_STANDARD = gnu11;
				GCC_DYNAMIC_NO_PIC = NO;
				GCC_NO_COMMON_BLOCKS = YES;
				GCC_OPTIMIZATION_LEVEL = 0;
				GCC_PREPROCESSOR_DEFINITIONS = (
					"DEBUG=1",
					"$(inherited)",
				);
				GCC_WARN_64_TO_32_BIT_CONVERSION = YES;
				GCC_WARN_ABOUT_RETURN_TYPE = YES_ERROR;
				GCC_WARN_UNDECLARED_SELECTOR = YES;
				GCC_WARN_UNINITIALIZED_AUTOS = YES_AGGRESSIVE;
				GCC_WARN_UNUSED_FUNCTION = YES;
				GCC_WARN_UNUSED_VARIABLE = YES;
				IPHONEOS_DEPLOYMENT_TARGET = 14.5;
				MTL_ENABLE_DEBUG_INFO = INCLUDE_SOURCE;
				MTL_FAST_MATH = YES;
				ONLY_ACTIVE_ARCH = YES;
				SDKROOT = iphoneos;
				SWIFT_ACTIVE_COMPILATION_CONDITIONS = DEBUG;
				SWIFT_OPTIMIZATION_LEVEL = "-Onone";
			};
			name = Debug;
		};
		94FA47EB263CB19B0090F861 /* Release */ = {
			isa = XCBuildConfiguration;
			buildSettings = {
				ALWAYS_SEARCH_USER_PATHS = NO;
				CLANG_ANALYZER_NONNULL = YES;
				CLANG_ANALYZER_NUMBER_OBJECT_CONVERSION = YES_AGGRESSIVE;
				CLANG_CXX_LANGUAGE_STANDARD = "gnu++14";
				CLANG_CXX_LIBRARY = "libc++";
				CLANG_ENABLE_MODULES = YES;
				CLANG_ENABLE_OBJC_ARC = YES;
				CLANG_ENABLE_OBJC_WEAK = YES;
				CLANG_WARN_BLOCK_CAPTURE_AUTORELEASING = YES;
				CLANG_WARN_BOOL_CONVERSION = YES;
				CLANG_WARN_COMMA = YES;
				CLANG_WARN_CONSTANT_CONVERSION = YES;
				CLANG_WARN_DEPRECATED_OBJC_IMPLEMENTATIONS = YES;
				CLANG_WARN_DIRECT_OBJC_ISA_USAGE = YES_ERROR;
				CLANG_WARN_DOCUMENTATION_COMMENTS = YES;
				CLANG_WARN_EMPTY_BODY = YES;
				CLANG_WARN_ENUM_CONVERSION = YES;
				CLANG_WARN_INFINITE_RECURSION = YES;
				CLANG_WARN_INT_CONVERSION = YES;
				CLANG_WARN_NON_LITERAL_NULL_CONVERSION = YES;
				CLANG_WARN_OBJC_IMPLICIT_RETAIN_SELF = YES;
				CLANG_WARN_OBJC_LITERAL_CONVERSION = YES;
				CLANG_WARN_OBJC_ROOT_CLASS = YES_ERROR;
				CLANG_WARN_QUOTED_INCLUDE_IN_FRAMEWORK_HEADER = YES;
				CLANG_WARN_RANGE_LOOP_ANALYSIS = YES;
				CLANG_WARN_STRICT_PROTOTYPES = YES;
				CLANG_WARN_SUSPICIOUS_MOVE = YES;
				CLANG_WARN_UNGUARDED_AVAILABILITY = YES_AGGRESSIVE;
				CLANG_WARN_UNREACHABLE_CODE = YES;
				CLANG_WARN__DUPLICATE_METHOD_MATCH = YES;
				COPY_PHASE_STRIP = NO;
				DEBUG_INFORMATION_FORMAT = "dwarf-with-dsym";
				ENABLE_NS_ASSERTIONS = NO;
				ENABLE_STRICT_OBJC_MSGSEND = YES;
				GCC_C_LANGUAGE_STANDARD = gnu11;
				GCC_NO_COMMON_BLOCKS = YES;
				GCC_WARN_64_TO_32_BIT_CONVERSION = YES;
				GCC_WARN_ABOUT_RETURN_TYPE = YES_ERROR;
				GCC_WARN_UNDECLARED_SELECTOR = YES;
				GCC_WARN_UNINITIALIZED_AUTOS = YES_AGGRESSIVE;
				GCC_WARN_UNUSED_FUNCTION = YES;
				GCC_WARN_UNUSED_VARIABLE = YES;
				IPHONEOS_DEPLOYMENT_TARGET = 14.5;
				MTL_ENABLE_DEBUG_INFO = NO;
				MTL_FAST_MATH = YES;
				SDKROOT = iphoneos;
				SWIFT_COMPILATION_MODE = wholemodule;
				SWIFT_OPTIMIZATION_LEVEL = "-O";
				VALIDATE_PRODUCT = YES;
			};
			name = Release;
		};
		94FA47ED263CB19B0090F861 /* Debug */ = {
			isa = XCBuildConfiguration;
			buildSettings = {
				ASSETCATALOG_COMPILER_APPICON_NAME = AppIcon;
				ASSETCATALOG_COMPILER_GLOBAL_ACCENT_COLOR_NAME = AccentColor;
				CODE_SIGN_STYLE = Automatic;
				DEVELOPMENT_ASSET_PATHS = "\"MacNews/Preview Content\"";
				DEVELOPMENT_TEAM = RP8SFFVJMC;
				ENABLE_PREVIEWS = YES;
				INFOPLIST_FILE = MacNews/Info.plist;
				IPHONEOS_DEPLOYMENT_TARGET = 14.0;
				LD_RUNPATH_SEARCH_PATHS = (
					"$(inherited)",
					"@executable_path/Frameworks",
				);
				PRODUCT_BUNDLE_IDENTIFIER = net.ananadli.MacNews;
				PRODUCT_NAME = "$(TARGET_NAME)";
				SWIFT_VERSION = 5.0;
				TARGETED_DEVICE_FAMILY = 1;
			};
			name = Debug;
		};
		94FA47EE263CB19B0090F861 /* Release */ = {
			isa = XCBuildConfiguration;
			buildSettings = {
				ASSETCATALOG_COMPILER_APPICON_NAME = AppIcon;
				ASSETCATALOG_COMPILER_GLOBAL_ACCENT_COLOR_NAME = AccentColor;
				CODE_SIGN_STYLE = Automatic;
				DEVELOPMENT_ASSET_PATHS = "\"MacNews/Preview Content\"";
				DEVELOPMENT_TEAM = RP8SFFVJMC;
				ENABLE_PREVIEWS = YES;
				INFOPLIST_FILE = MacNews/Info.plist;
				IPHONEOS_DEPLOYMENT_TARGET = 14.0;
				LD_RUNPATH_SEARCH_PATHS = (
					"$(inherited)",
					"@executable_path/Frameworks",
				);
				PRODUCT_BUNDLE_IDENTIFIER = net.ananadli.MacNews;
				PRODUCT_NAME = "$(TARGET_NAME)";
				SWIFT_VERSION = 5.0;
				TARGETED_DEVICE_FAMILY = 1;
			};
			name = Release;
		};
		94FA47F0263CB19B0090F861 /* Debug */ = {
			isa = XCBuildConfiguration;
			buildSettings = {
				ALWAYS_EMBED_SWIFT_STANDARD_LIBRARIES = YES;
				BUNDLE_LOADER = "$(TEST_HOST)";
				CODE_SIGN_STYLE = Automatic;
				DEVELOPMENT_TEAM = RP8SFFVJMC;
				INFOPLIST_FILE = MacNewsTests/Info.plist;
				IPHONEOS_DEPLOYMENT_TARGET = 14.0;
				LD_RUNPATH_SEARCH_PATHS = (
					"$(inherited)",
					"@executable_path/Frameworks",
					"@loader_path/Frameworks",
				);
				PRODUCT_BUNDLE_IDENTIFIER = net.ananadli.MacNewsTests;
				PRODUCT_NAME = "$(TARGET_NAME)";
				SWIFT_VERSION = 5.0;
				TARGETED_DEVICE_FAMILY = "1,2";
				TEST_HOST = "$(BUILT_PRODUCTS_DIR)/MacNews.app/MacNews";
			};
			name = Debug;
		};
		94FA47F1263CB19B0090F861 /* Release */ = {
			isa = XCBuildConfiguration;
			buildSettings = {
				ALWAYS_EMBED_SWIFT_STANDARD_LIBRARIES = YES;
				BUNDLE_LOADER = "$(TEST_HOST)";
				CODE_SIGN_STYLE = Automatic;
				DEVELOPMENT_TEAM = RP8SFFVJMC;
				INFOPLIST_FILE = MacNewsTests/Info.plist;
				IPHONEOS_DEPLOYMENT_TARGET = 14.0;
				LD_RUNPATH_SEARCH_PATHS = (
					"$(inherited)",
					"@executable_path/Frameworks",
					"@loader_path/Frameworks",
				);
				PRODUCT_BUNDLE_IDENTIFIER = net.ananadli.MacNewsTests;
				PRODUCT_NAME = "$(TARGET_NAME)";
				SWIFT_VERSION = 5.0;
				TARGETED_DEVICE_FAMILY = "1,2";
				TEST_HOST = "$(BUILT_PRODUCTS_DIR)/MacNews.app/MacNews";
			};
			name = Release;
		};
		94FA47F3263CB19B0090F861 /* Debug */ = {
			isa = XCBuildConfiguration;
			buildSettings = {
				ALWAYS_EMBED_SWIFT_STANDARD_LIBRARIES = YES;
				CODE_SIGN_STYLE = Automatic;
				DEVELOPMENT_TEAM = RP8SFFVJMC;
				INFOPLIST_FILE = MacNewsUITests/Info.plist;
				LD_RUNPATH_SEARCH_PATHS = (
					"$(inherited)",
					"@executable_path/Frameworks",
					"@loader_path/Frameworks",
				);
				PRODUCT_BUNDLE_IDENTIFIER = net.ananadli.MacNewsUITests;
				PRODUCT_NAME = "$(TARGET_NAME)";
				SWIFT_VERSION = 5.0;
				TARGETED_DEVICE_FAMILY = "1,2";
				TEST_TARGET_NAME = MacNews;
			};
			name = Debug;
		};
		94FA47F4263CB19B0090F861 /* Release */ = {
			isa = XCBuildConfiguration;
			buildSettings = {
				ALWAYS_EMBED_SWIFT_STANDARD_LIBRARIES = YES;
				CODE_SIGN_STYLE = Automatic;
				DEVELOPMENT_TEAM = RP8SFFVJMC;
				INFOPLIST_FILE = MacNewsUITests/Info.plist;
				LD_RUNPATH_SEARCH_PATHS = (
					"$(inherited)",
					"@executable_path/Frameworks",
					"@loader_path/Frameworks",
				);
				PRODUCT_BUNDLE_IDENTIFIER = net.ananadli.MacNewsUITests;
				PRODUCT_NAME = "$(TARGET_NAME)";
				SWIFT_VERSION = 5.0;
				TARGETED_DEVICE_FAMILY = "1,2";
				TEST_TARGET_NAME = MacNews;
			};
			name = Release;
		};
/* End XCBuildConfiguration section */

/* Begin XCConfigurationList section */
		94FA47C2263CB19A0090F861 /* Build configuration list for PBXProject "MacNews" */ = {
			isa = XCConfigurationList;
			buildConfigurations = (
				94FA47EA263CB19B0090F861 /* Debug */,
				94FA47EB263CB19B0090F861 /* Release */,
			);
			defaultConfigurationIsVisible = 0;
			defaultConfigurationName = Release;
		};
		94FA47EC263CB19B0090F861 /* Build configuration list for PBXNativeTarget "MacNews" */ = {
			isa = XCConfigurationList;
			buildConfigurations = (
				94FA47ED263CB19B0090F861 /* Debug */,
				94FA47EE263CB19B0090F861 /* Release */,
			);
			defaultConfigurationIsVisible = 0;
			defaultConfigurationName = Release;
		};
		94FA47EF263CB19B0090F861 /* Build configuration list for PBXNativeTarget "MacNewsTests" */ = {
			isa = XCConfigurationList;
			buildConfigurations = (
				94FA47F0263CB19B0090F861 /* Debug */,
				94FA47F1263CB19B0090F861 /* Release */,
			);
			defaultConfigurationIsVisible = 0;
			defaultConfigurationName = Release;
		};
		94FA47F2263CB19B0090F861 /* Build configuration list for PBXNativeTarget "MacNewsUITests" */ = {
			isa = XCConfigurationList;
			buildConfigurations = (
				94FA47F3263CB19B0090F861 /* Debug */,
				94FA47F4263CB19B0090F861 /* Release */,
			);
			defaultConfigurationIsVisible = 0;
			defaultConfigurationName = Release;
		};
/* End XCConfigurationList section */

/* Begin XCRemoteSwiftPackageReference section */
		94FA480C26433D9A0090F861 /* XCRemoteSwiftPackageReference "SDWebImageSwiftUI" */ = {
			isa = XCRemoteSwiftPackageReference;
			repositoryURL = "https://github.com/SDWebImage/SDWebImageSwiftUI.git";
			requirement = {
				kind = upToNextMajorVersion;
				minimumVersion = 2.0.2;
			};
		};
/* End XCRemoteSwiftPackageReference section */

/* Begin XCSwiftPackageProductDependency section */
		94FA480D26433D9A0090F861 /* SDWebImageSwiftUI */ = {
			isa = XCSwiftPackageProductDependency;
			package = 94FA480C26433D9A0090F861 /* XCRemoteSwiftPackageReference "SDWebImageSwiftUI" */;
			productName = SDWebImageSwiftUI;
		};
/* End XCSwiftPackageProductDependency section */
	};
	rootObject = 94FA47BF263CB19A0090F861 /* Project object */;
}
